  
# THIS IS AN AUTOGENERATED FILE. DO NOT EDIT THIS FILE DIRECTLY.
# yarn lockfile v1


"a-private-package@1.0.0":
  version "1.0.0"
  resolved "https://registry.yarnpkg.com/a-private-package/-/a-private-package-1.0.0.tgz#9f44241aeed5cfe862df3c7ca2e130cd538ed382"
  integrity sha512-d84VNn0XPwVzr7zhT74fnZUsT8nvEvCW8z7IiJ5FwZ1A+lGRBvTwrwzYNGKqLvcY/TU1U7TZ3dxpTT8pUEjZhQ==
